{
  "name": "hvt-membership-engine",
  "version": "1.0.0",
  "lockfileVersion": 3,
  "requires": true,
  "packages": {
    "": {
      "name": "hvt-membership-engine",
      "version": "1.0.0",
      "dependencies": {
        "@supabase/supabase-js": "^2.97.0",
        "express": "^4.19.2",
        "dotenv": "^16.4.5"
      }
    }
  }
}
